// !$*UTF8*$!
{
	archiveVersion = 1;
	classes = {
	};
	objectVersion = 50;
	objects = {

/* Begin PBXBuildFile section */
		F010388C224BBAA20054291A /* NewsfeedCellLayoutCalculator.swift in Sources */ = {isa = PBXBuildFile; fileRef = F010388B224BBAA20054291A /* NewsfeedCellLayoutCalculator.swift */; };
		F0103890224D5F880054291A /* String + Height.swift in Sources */ = {isa = PBXBuildFile; fileRef = F010388F224D5F880054291A /* String + Height.swift */; };
		F011F2CE2250E7BF00D22B9D /* NewsfeedCodeCell.swift in Sources */ = {isa = PBXBuildFile; fileRef = F011F2CD2250E7BF00D22B9D /* NewsfeedCodeCell.swift */; };
		F011F2D02250F4C200D22B9D /* Constraints.swift in Sources */ = {isa = PBXBuildFile; fileRef = F011F2CF2250F4C200D22B9D /* Constraints.swift */; };
		F011F2D2225114EB00D22B9D /* Constants.swift in Sources */ = {isa = PBXBuildFile; fileRef = F011F2D1225114EB00D22B9D /* Constants.swift */; };
		F01351082230066300A34EB4 /* NetworkService.swift in Sources */ = {isa = PBXBuildFile; fileRef = F01351072230066300A34EB4 /* NetworkService.swift */; };
		F013510A2230169800A34EB4 /* API.swift in Sources */ = {isa = PBXBuildFile; fileRef = F01351092230169800A34EB4 /* API.swift */; };
		F01351102232908200A34EB4 /* FeedResponse.swift in Sources */ = {isa = PBXBuildFile; fileRef = F013510F2232908200A34EB4 /* FeedResponse.swift */; };
		F01351142234147600A34EB4 /* NetworkDataFetcher.swift in Sources */ = {isa = PBXBuildFile; fileRef = F01351132234147600A34EB4 /* NetworkDataFetcher.swift */; };
		F075CD1D221DBC2A001CA654 /* AppDelegate.swift in Sources */ = {isa = PBXBuildFile; fileRef = F075CD1C221DBC2A001CA654 /* AppDelegate.swift */; };
		F075CD24221DBC2B001CA654 /* Assets.xcassets in Resources */ = {isa = PBXBuildFile; fileRef = F075CD23221DBC2B001CA654 /* Assets.xcassets */; };
		F075CD27221DBC2B001CA654 /* LaunchScreen.storyboard in Resources */ = {isa = PBXBuildFile; fileRef = F075CD25221DBC2B001CA654 /* LaunchScreen.storyboard */; };
		F075CD30221DD90A001CA654 /* VKSdkFramework.framework in Frameworks */ = {isa = PBXBuildFile; fileRef = F075CD2F221DD90A001CA654 /* VKSdkFramework.framework */; };
		F075CD9B22207644001CA654 /* AuthService.swift in Sources */ = {isa = PBXBuildFile; fileRef = F075CD9A22207644001CA654 /* AuthService.swift */; };
		F075CD9E222086EC001CA654 /* AuthViewController.swift in Sources */ = {isa = PBXBuildFile; fileRef = F075CD9D222086EC001CA654 /* AuthViewController.swift */; };
		F075CDA022208713001CA654 /* AuthViewController.storyboard in Resources */ = {isa = PBXBuildFile; fileRef = F075CD9F22208713001CA654 /* AuthViewController.storyboard */; };
		F075CDA822218C8E001CA654 /* UIViewController + Storyboard.swift in Sources */ = {isa = PBXBuildFile; fileRef = F075CDA722218C8E001CA654 /* UIViewController + Storyboard.swift */; };
		F0873E4F2256199600089882 /* Rowlayout.swift in Sources */ = {isa = PBXBuildFile; fileRef = F0873E4E2256199600089882 /* Rowlayout.swift */; };
		F0873E59225A032F00089882 /* TitleView.swift in Sources */ = {isa = PBXBuildFile; fileRef = F0873E58225A032F00089882 /* TitleView.swift */; };
		F0873E5B225A034F00089882 /* InsetableTextField.swift in Sources */ = {isa = PBXBuildFile; fileRef = F0873E5A225A034F00089882 /* InsetableTextField.swift */; };
		F0873E5D225A054100089882 /* UserResponse.swift in Sources */ = {isa = PBXBuildFile; fileRef = F0873E5C225A054100089882 /* UserResponse.swift */; };
		F0944934223BF059003DF40F /* NewsfeedPresenter.swift in Sources */ = {isa = PBXBuildFile; fileRef = F094492D223BF059003DF40F /* NewsfeedPresenter.swift */; };
		F0944935223BF059003DF40F /* NewsfeedWorker.swift in Sources */ = {isa = PBXBuildFile; fileRef = F094492E223BF059003DF40F /* NewsfeedWorker.swift */; };
		F0944936223BF059003DF40F /* NewsfeedRouter.swift in Sources */ = {isa = PBXBuildFile; fileRef = F094492F223BF059003DF40F /* NewsfeedRouter.swift */; };
		F0944937223BF059003DF40F /* NewsfeedModels.swift in Sources */ = {isa = PBXBuildFile; fileRef = F0944930223BF059003DF40F /* NewsfeedModels.swift */; };
		F0944938223BF059003DF40F /* NewsfeedViewController.swift in Sources */ = {isa = PBXBuildFile; fileRef = F0944931223BF059003DF40F /* NewsfeedViewController.swift */; };
		F0944939223BF059003DF40F /* NewsfeedInteractor.swift in Sources */ = {isa = PBXBuildFile; fileRef = F0944932223BF059003DF40F /* NewsfeedInteractor.swift */; };
		F094493C223ECC9B003DF40F /* NewsfeedViewController.storyboard in Resources */ = {isa = PBXBuildFile; fileRef = F094493B223ECC9B003DF40F /* NewsfeedViewController.storyboard */; };
		F0944999224113AF003DF40F /* NewsfeedCell.swift in Sources */ = {isa = PBXBuildFile; fileRef = F0944998224113AF003DF40F /* NewsfeedCell.swift */; };
		F094499B224113F9003DF40F /* NewsfeedCell.xib in Resources */ = {isa = PBXBuildFile; fileRef = F094499A224113F9003DF40F /* NewsfeedCell.xib */; };
		F0A59091225527A200AE5600 /* GalleryCollectionView.swift in Sources */ = {isa = PBXBuildFile; fileRef = F0A59090225527A200AE5600 /* GalleryCollectionView.swift */; };
		F0A590932255295E00AE5600 /* GalleryCollectionViewCell.swift in Sources */ = {isa = PBXBuildFile; fileRef = F0A590922255295E00AE5600 /* GalleryCollectionViewCell.swift */; };
		F0CDC2542246A4A3006CC6AB /* WebImageView.swift in Sources */ = {isa = PBXBuildFile; fileRef = F0CDC2532246A4A3006CC6AB /* WebImageView.swift */; };
		F58CA45C22AED76700C84A22 /* FooterView.swift in Sources */ = {isa = PBXBuildFile; fileRef = F58CA45B22AED76700C84A22 /* FooterView.swift */; };
		F58CA45E22AEDE3000C84A22 /* Localizable.stringsdict in Resources */ = {isa = PBXBuildFile; fileRef = F58CA45D22AEDE3000C84A22 /* Localizable.stringsdict */; };
		F58CA46022AEE33E00C84A22 /* GradientView.swift in Sources */ = {isa = PBXBuildFile; fileRef = F58CA45F22AEE33E00C84A22 /* GradientView.swift */; };
/* End PBXBuildFile section */

/* Begin PBXFileReference section */
		F010388B224BBAA20054291A /* NewsfeedCellLayoutCalculator.swift */ = {isa = PBXFileReference; lastKnownFileType = sourcecode.swift; path = NewsfeedCellLayoutCalculator.swift; sourceTree = "<group>"; };
		F010388F224D5F880054291A /* String + Height.swift */ = {isa = PBXFileReference; lastKnownFileType = sourcecode.swift; path = "String + Height.swift"; sourceTree = "<group>"; };
		F011F2CD2250E7BF00D22B9D /* NewsfeedCodeCell.swift */ = {isa = PBXFileReference; lastKnownFileType = sourcecode.swift; path = NewsfeedCodeCell.swift; sourceTree = "<group>"; };
		F011F2CF2250F4C200D22B9D /* Constraints.swift */ = {isa = PBXFileReference; lastKnownFileType = sourcecode.swift; path = Constraints.swift; sourceTree = "<group>"; };
		F011F2D1225114EB00D22B9D /* Constants.swift */ = {isa = PBXFileReference; lastKnownFileType = sourcecode.swift; path = Constants.swift; sourceTree = "<group>"; };
		F01351072230066300A34EB4 /* NetworkService.swift */ = {isa = PBXFileReference; lastKnownFileType = sourcecode.swift; path = NetworkService.swift; sourceTree = "<group>"; };
		F01351092230169800A34EB4 /* API.swift */ = {isa = PBXFileReference; lastKnownFileType = sourcecode.swift; path = API.swift; sourceTree = "<group>"; };
		F013510F2232908200A34EB4 /* FeedResponse.swift */ = {isa = PBXFileReference; lastKnownFileType = sourcecode.swift; path = FeedResponse.swift; sourceTree = "<group>"; };
		F01351132234147600A34EB4 /* NetworkDataFetcher.swift */ = {isa = PBXFileReference; lastKnownFileType = sourcecode.swift; path = NetworkDataFetcher.swift; sourceTree = "<group>"; };
		F075CD19221DBC2A001CA654 /* VKNewsFeed.app */ = {isa = PBXFileReference; explicitFileType = wrapper.application; includeInIndex = 0; path = VKNewsFeed.app; sourceTree = BUILT_PRODUCTS_DIR; };
		F075CD1C221DBC2A001CA654 /* AppDelegate.swift */ = {isa = PBXFileReference; lastKnownFileType = sourcecode.swift; path = AppDelegate.swift; sourceTree = "<group>"; };
		F075CD23221DBC2B001CA654 /* Assets.xcassets */ = {isa = PBXFileReference; lastKnownFileType = folder.assetcatalog; path = Assets.xcassets; sourceTree = "<group>"; };
		F075CD26221DBC2B001CA654 /* Base */ = {isa = PBXFileReference; lastKnownFileType = file.storyboard; name = Base; path = Base.lproj/LaunchScreen.storyboard; sourceTree = "<group>"; };
		F075CD28221DBC2B001CA654 /* Info.plist */ = {isa = PBXFileReference; lastKnownFileType = text.plist.xml; path = Info.plist; sourceTree = "<group>"; };
		F075CD2F221DD90A001CA654 /* VKSdkFramework.framework */ = {isa = PBXFileReference; lastKnownFileType = wrapper.framework; name = VKSdkFramework.framework; path = Carthage/Build/iOS/VKSdkFramework.framework; sourceTree = "<group>"; };
		F075CD9A22207644001CA654 /* AuthService.swift */ = {isa = PBXFileReference; lastKnownFileType = sourcecode.swift; path = AuthService.swift; sourceTree = "<group>"; };
		F075CD9D222086EC001CA654 /* AuthViewController.swift */ = {isa = PBXFileReference; lastKnownFileType = sourcecode.swift; path = AuthViewController.swift; sourceTree = "<group>"; };
		F075CD9F22208713001CA654 /* AuthViewController.storyboard */ = {isa = PBXFileReference; lastKnownFileType = file.storyboard; path = AuthViewController.storyboard; sourceTree = "<group>"; };
		F075CDA722218C8E001CA654 /* UIViewController + Storyboard.swift */ = {isa = PBXFileReference; lastKnownFileType = sourcecode.swift; path = "UIViewController + Storyboard.swift"; sourceTree = "<group>"; };
		F0873E4E2256199600089882 /* Rowlayout.swift */ = {isa = PBXFileReference; lastKnownFileType = sourcecode.swift; path = Rowlayout.swift; sourceTree = "<group>"; };
		F0873E58225A032F00089882 /* TitleView.swift */ = {isa = PBXFileReference; lastKnownFileType = sourcecode.swift; path = TitleView.swift; sourceTree = "<group>"; };
		F0873E5A225A034F00089882 /* InsetableTextField.swift */ = {isa = PBXFileReference; lastKnownFileType = sourcecode.swift; path = InsetableTextField.swift; sourceTree = "<group>"; };
		F0873E5C225A054100089882 /* UserResponse.swift */ = {isa = PBXFileReference; lastKnownFileType = sourcecode.swift; path = UserResponse.swift; sourceTree = "<group>"; };
		F094492D223BF059003DF40F /* NewsfeedPresenter.swift */ = {isa = PBXFileReference; lastKnownFileType = sourcecode.swift; path = NewsfeedPresenter.swift; sourceTree = "<group>"; };
		F094492E223BF059003DF40F /* NewsfeedWorker.swift */ = {isa = PBXFileReference; lastKnownFileType = sourcecode.swift; path = NewsfeedWorker.swift; sourceTree = "<group>"; };
		F094492F223BF059003DF40F /* NewsfeedRouter.swift */ = {isa = PBXFileReference; lastKnownFileType = sourcecode.swift; path = NewsfeedRouter.swift; sourceTree = "<group>"; };
		F0944930223BF059003DF40F /* NewsfeedModels.swift */ = {isa = PBXFileReference; lastKnownFileType = sourcecode.swift; path = NewsfeedModels.swift; sourceTree = "<group>"; };
		F0944931223BF059003DF40F /* NewsfeedViewController.swift */ = {isa = PBXFileReference; lastKnownFileType = sourcecode.swift; path = NewsfeedViewController.swift; sourceTree = "<group>"; };
		F0944932223BF059003DF40F /* NewsfeedInteractor.swift */ = {isa = PBXFileReference; lastKnownFileType = sourcecode.swift; path = NewsfeedInteractor.swift; sourceTree = "<group>"; };
		F094493B223ECC9B003DF40F /* NewsfeedViewController.storyboard */ = {isa = PBXFileReference; lastKnownFileType = file.storyboard; path = NewsfeedViewController.storyboard; sourceTree = "<group>"; };
		F0944998224113AF003DF40F /* NewsfeedCell.swift */ = {isa = PBXFileReference; lastKnownFileType = sourcecode.swift; path = NewsfeedCell.swift; sourceTree = "<group>"; };
		F094499A224113F9003DF40F /* NewsfeedCell.xib */ = {isa = PBXFileReference; lastKnownFileType = file.xib; path = NewsfeedCell.xib; sourceTree = "<group>"; };
		F0A59090225527A200AE5600 /* GalleryCollectionView.swift */ = {isa = PBXFileReference; lastKnownFileType = sourcecode.swift; path = GalleryCollectionView.swift; sourceTree = "<group>"; };
		F0A590922255295E00AE5600 /* GalleryCollectionViewCell.swift */ = {isa = PBXFileReference; lastKnownFileType = sourcecode.swift; path = GalleryCollectionViewCell.swift; sourceTree = "<group>"; };
		F0CDC2532246A4A3006CC6AB /* WebImageView.swift */ = {isa = PBXFileReference; lastKnownFileType = sourcecode.swift; path = WebImageView.swift; sourceTree = "<group>"; };
		F58CA45B22AED76700C84A22 /* FooterView.swift */ = {isa = PBXFileReference; lastKnownFileType = sourcecode.swift; path = FooterView.swift; sourceTree = "<group>"; };
		F58CA45D22AEDE3000C84A22 /* Localizable.stringsdict */ = {isa = PBXFileReference; lastKnownFileType = text.plist.stringsdict; path = Localizable.stringsdict; sourceTree = "<group>"; };
		F58CA45F22AEE33E00C84A22 /* GradientView.swift */ = {isa = PBXFileReference; lastKnownFileType = sourcecode.swift; path = GradientView.swift; sourceTree = "<group>"; };
/* End PBXFileReference section */

/* Begin PBXFrameworksBuildPhase section */
		F075CD16221DBC2A001CA654 /* Frameworks */ = {
			isa = PBXFrameworksBuildPhase;
			buildActionMask = 2147483647;
			files = (
				F075CD30221DD90A001CA654 /* VKSdkFramework.framework in Frameworks */,
			);
			runOnlyForDeploymentPostprocessing = 0;
		};
/* End PBXFrameworksBuildPhase section */

/* Begin PBXGroup section */
		F013510E2232907300A34EB4 /* Models */ = {
			isa = PBXGroup;
			children = (
				F013510F2232908200A34EB4 /* FeedResponse.swift */,
				F0873E5C225A054100089882 /* UserResponse.swift */,
			);
			path = Models;
			sourceTree = "<group>";
		};
		F075CD10221DBC2A001CA654 = {
			isa = PBXGroup;
			children = (
				F075CD1B221DBC2A001CA654 /* VKNewsFeed */,
				F075CD1A221DBC2A001CA654 /* Products */,
				F075CD2E221DD90A001CA654 /* Frameworks */,
			);
			sourceTree = "<group>";
		};
		F075CD1A221DBC2A001CA654 /* Products */ = {
			isa = PBXGroup;
			children = (
				F075CD19221DBC2A001CA654 /* VKNewsFeed.app */,
			);
			name = Products;
			sourceTree = "<group>";
		};
		F075CD1B221DBC2A001CA654 /* VKNewsFeed */ = {
			isa = PBXGroup;
			children = (
				F075CD1C221DBC2A001CA654 /* AppDelegate.swift */,
				F075CD9C22207670001CA654 /* Services */,
				F075CDA2222088A4001CA654 /* Auth */,
				F094492C223BF019003DF40F /* Newsfeed */,
				F075CDA922218CA8001CA654 /* Helpers */,
				F58CA46122AEE6EA00C84A22 /* Views */,
				F075CD23221DBC2B001CA654 /* Assets.xcassets */,
				F075CD25221DBC2B001CA654 /* LaunchScreen.storyboard */,
				F075CD28221DBC2B001CA654 /* Info.plist */,
				F58CA45D22AEDE3000C84A22 /* Localizable.stringsdict */,
			);
			path = VKNewsFeed;
			sourceTree = "<group>";
		};
		F075CD2E221DD90A001CA654 /* Frameworks */ = {
			isa = PBXGroup;
			children = (
				F075CD2F221DD90A001CA654 /* VKSdkFramework.framework */,
			);
			name = Frameworks;
			sourceTree = "<group>";
		};
		F075CD9C22207670001CA654 /* Services */ = {
			isa = PBXGroup;
			children = (
				F013510E2232907300A34EB4 /* Models */,
				F075CD9A22207644001CA654 /* AuthService.swift */,
				F01351072230066300A34EB4 /* NetworkService.swift */,
				F01351132234147600A34EB4 /* NetworkDataFetcher.swift */,
				F01351092230169800A34EB4 /* API.swift */,
			);
			path = Services;
			sourceTree = "<group>";
		};
		F075CDA2222088A4001CA654 /* Auth */ = {
			isa = PBXGroup;
			children = (
				F075CD9D222086EC001CA654 /* AuthViewController.swift */,
				F075CD9F22208713001CA654 /* AuthViewController.storyboard */,
			);
			path = Auth;
			sourceTree = "<group>";
		};
		F075CDA922218CA8001CA654 /* Helpers */ = {
			isa = PBXGroup;
			children = (
				F075CDA722218C8E001CA654 /* UIViewController + Storyboard.swift */,
				F010388F224D5F880054291A /* String + Height.swift */,
				F011F2CF2250F4C200D22B9D /* Constraints.swift */,
			);
			path = Helpers;
			sourceTree = "<group>";
		};
		F0873E57225A031E00089882 /* TitleView */ = {
			isa = PBXGroup;
			children = (
				F0873E58225A032F00089882 /* TitleView.swift */,
				F0873E5A225A034F00089882 /* InsetableTextField.swift */,
			);
			path = TitleView;
			sourceTree = "<group>";
		};
		F094492C223BF019003DF40F /* Newsfeed */ = {
			isa = PBXGroup;
			children = (
				F58CA45A22AED75500C84A22 /* Footer View */,
				F0873E57225A031E00089882 /* TitleView */,
				F0A5908F2255278C00AE5600 /* GalleryView */,
				F0944997224113A1003DF40F /* Cell */,
				F094493B223ECC9B003DF40F /* NewsfeedViewController.storyboard */,
				F0944931223BF059003DF40F /* NewsfeedViewController.swift */,
				F0944932223BF059003DF40F /* NewsfeedInteractor.swift */,
				F094492D223BF059003DF40F /* NewsfeedPresenter.swift */,
				F0944930223BF059003DF40F /* NewsfeedModels.swift */,
				F094492E223BF059003DF40F /* NewsfeedWorker.swift */,
				F094492F223BF059003DF40F /* NewsfeedRouter.swift */,
			);
			path = Newsfeed;
			sourceTree = "<group>";
		};
		F0944997224113A1003DF40F /* Cell */ = {
			isa = PBXGroup;
			children = (
				F094499A224113F9003DF40F /* NewsfeedCell.xib */,
				F0944998224113AF003DF40F /* NewsfeedCell.swift */,
				F011F2CD2250E7BF00D22B9D /* NewsfeedCodeCell.swift */,
				F010388B224BBAA20054291A /* NewsfeedCellLayoutCalculator.swift */,
				F011F2D1225114EB00D22B9D /* Constants.swift */,
			);
			path = Cell;
			sourceTree = "<group>";
		};
		F0A5908F2255278C00AE5600 /* GalleryView */ = {
			isa = PBXGroup;
			children = (
				F0873E4E2256199600089882 /* Rowlayout.swift */,
				F0A59090225527A200AE5600 /* GalleryCollectionView.swift */,
				F0A590922255295E00AE5600 /* GalleryCollectionViewCell.swift */,
			);
			path = GalleryView;
			sourceTree = "<group>";
		};
		F58CA45A22AED75500C84A22 /* Footer View */ = {
			isa = PBXGroup;
			children = (
				F58CA45B22AED76700C84A22 /* FooterView.swift */,
			);
			path = "Footer View";
			sourceTree = "<group>";
		};
		F58CA46122AEE6EA00C84A22 /* Views */ = {
			isa = PBXGroup;
			children = (
				F0CDC2532246A4A3006CC6AB /* WebImageView.swift */,
				F58CA45F22AEE33E00C84A22 /* GradientView.swift */,
			);
			path = Views;
			sourceTree = "<group>";
		};
/* End PBXGroup section */

/* Begin PBXNativeTarget section */
		F075CD18221DBC2A001CA654 /* VKNewsFeed */ = {
			isa = PBXNativeTarget;
			buildConfigurationList = F075CD2B221DBC2B001CA654 /* Build configuration list for PBXNativeTarget "VKNewsFeed" */;
			buildPhases = (
				F075CD15221DBC2A001CA654 /* Sources */,
				F075CD16221DBC2A001CA654 /* Frameworks */,
				F075CD17221DBC2A001CA654 /* Resources */,
				F075CD32221DDB3D001CA654 /* ShellScript */,
			);
			buildRules = (
			);
			dependencies = (
			);
			name = VKNewsFeed;
			productName = VKNewsFeed;
			productReference = F075CD19221DBC2A001CA654 /* VKNewsFeed.app */;
			productType = "com.apple.product-type.application";
		};
/* End PBXNativeTarget section */

/* Begin PBXProject section */
		F075CD11221DBC2A001CA654 /* Project object */ = {
			isa = PBXProject;
			attributes = {
				LastSwiftUpdateCheck = 1010;
				LastUpgradeCheck = 1010;
				ORGANIZATIONNAME = "Алексей Пархоменко";
				TargetAttributes = {
					F075CD18221DBC2A001CA654 = {
						CreatedOnToolsVersion = 10.1;
						LastSwiftMigration = 1020;
					};
				};
			};
			buildConfigurationList = F075CD14221DBC2A001CA654 /* Build configuration list for PBXProject "VKNewsFeed" */;
			compatibilityVersion = "Xcode 9.3";
			developmentRegion = en;
			hasScannedForEncodings = 0;
			knownRegions = (
				en,
				Base,
			);
			mainGroup = F075CD10221DBC2A001CA654;
			productRefGroup = F075CD1A221DBC2A001CA654 /* Products */;
			projectDirPath = "";
			projectRoot = "";
			targets = (
				F075CD18221DBC2A001CA654 /* VKNewsFeed */,
			);
		};
/* End PBXProject section */

/* Begin PBXResourcesBuildPhase section */
		F075CD17221DBC2A001CA654 /* Resources */ = {
			isa = PBXResourcesBuildPhase;
			buildActionMask = 2147483647;
			files = (
				F075CD27221DBC2B001CA654 /* LaunchScreen.storyboard in Resources */,
				F075CDA022208713001CA654 /* AuthViewController.storyboard in Resources */,
				F094493C223ECC9B003DF40F /* NewsfeedViewController.storyboard in Resources */,
				F075CD24221DBC2B001CA654 /* Assets.xcassets in Resources */,
				F094499B224113F9003DF40F /* NewsfeedCell.xib in Resources */,
				F58CA45E22AEDE3000C84A22 /* Localizable.stringsdict in Resources */,
			);
			runOnlyForDeploymentPostprocessing = 0;
		};
/* End PBXResourcesBuildPhase section */

/* Begin PBXShellScriptBuildPhase section */
		F075CD32221DDB3D001CA654 /* ShellScript */ = {
			isa = PBXShellScriptBuildPhase;
			buildActionMask = 2147483647;
			files = (
			);
			inputFileListPaths = (
			);
			inputPaths = (
				"$(SRCROOT)/Carthage/Build/iOS/VKSdkFramework.framework",
			);
			outputFileListPaths = (
			);
			outputPaths = (
			);
			runOnlyForDeploymentPostprocessing = 0;
			shellPath = /bin/sh;
			shellScript = "/usr/local/bin/carthage copy-frameworks\n";
		};
/* End PBXShellScriptBuildPhase section */

/* Begin PBXSourcesBuildPhase section */
		F075CD15221DBC2A001CA654 /* Sources */ = {
			isa = PBXSourcesBuildPhase;
			buildActionMask = 2147483647;
			files = (
				F0873E4F2256199600089882 /* Rowlayout.swift in Sources */,
				F58CA45C22AED76700C84A22 /* FooterView.swift in Sources */,
				F01351102232908200A34EB4 /* FeedResponse.swift in Sources */,
				F0103890224D5F880054291A /* String + Height.swift in Sources */,
				F0944938223BF059003DF40F /* NewsfeedViewController.swift in Sources */,
				F075CD9B22207644001CA654 /* AuthService.swift in Sources */,
				F0A590932255295E00AE5600 /* GalleryCollectionViewCell.swift in Sources */,
				F075CDA822218C8E001CA654 /* UIViewController + Storyboard.swift in Sources */,
				F0944934223BF059003DF40F /* NewsfeedPresenter.swift in Sources */,
				F075CD9E222086EC001CA654 /* AuthViewController.swift in Sources */,
				F0944936223BF059003DF40F /* NewsfeedRouter.swift in Sources */,
				F01351082230066300A34EB4 /* NetworkService.swift in Sources */,
				F0944937223BF059003DF40F /* NewsfeedModels.swift in Sources */,
				F010388C224BBAA20054291A /* NewsfeedCellLayoutCalculator.swift in Sources */,
				F011F2D2225114EB00D22B9D /* Constants.swift in Sources */,
				F0873E59225A032F00089882 /* TitleView.swift in Sources */,
				F011F2CE2250E7BF00D22B9D /* NewsfeedCodeCell.swift in Sources */,
				F011F2D02250F4C200D22B9D /* Constraints.swift in Sources */,
				F0873E5D225A054100089882 /* UserResponse.swift in Sources */,
				F0CDC2542246A4A3006CC6AB /* WebImageView.swift in Sources */,
				F01351142234147600A34EB4 /* NetworkDataFetcher.swift in Sources */,
				F0944935223BF059003DF40F /* NewsfeedWorker.swift in Sources */,
				F075CD1D221DBC2A001CA654 /* AppDelegate.swift in Sources */,
				F013510A2230169800A34EB4 /* API.swift in Sources */,
				F0A59091225527A200AE5600 /* GalleryCollectionView.swift in Sources */,
				F0944999224113AF003DF40F /* NewsfeedCell.swift in Sources */,
				F58CA46022AEE33E00C84A22 /* GradientView.swift in Sources */,
				F0944939223BF059003DF40F /* NewsfeedInteractor.swift in Sources */,
				F0873E5B225A034F00089882 /* InsetableTextField.swift in Sources */,
			);
			runOnlyForDeploymentPostprocessing = 0;
		};
/* End PBXSourcesBuildPhase section */

/* Begin PBXVariantGroup section */
		F075CD25221DBC2B001CA654 /* LaunchScreen.storyboard */ = {
			isa = PBXVariantGroup;
			children = (
				F075CD26221DBC2B001CA654 /* Base */,
			);
			name = LaunchScreen.storyboard;
			sourceTree = "<group>";
		};
/* End PBXVariantGroup section */

/* Begin XCBuildConfiguration section */
		F075CD29221DBC2B001CA654 /* Debug */ = {
			isa = XCBuildConfiguration;
			buildSettings = {
				ALWAYS_SEARCH_USER_PATHS = NO;
				CLANG_ANALYZER_NONNULL = YES;
				CLANG_ANALYZER_NUMBER_OBJECT_CONVERSION = YES_AGGRESSIVE;
				CLANG_CXX_LANGUAGE_STANDARD = "gnu++14";
				CLANG_CXX_LIBRARY = "libc++";
				CLANG_ENABLE_MODULES = YES;
				CLANG_ENABLE_OBJC_ARC = YES;
				CLANG_ENABLE_OBJC_WEAK = YES;
				CLANG_WARN_BLOCK_CAPTURE_AUTORELEASING = YES;
				CLANG_WARN_BOOL_CONVERSION = YES;
				CLANG_WARN_COMMA = YES;
				CLANG_WARN_CONSTANT_CONVERSION = YES;
				CLANG_WARN_DEPRECATED_OBJC_IMPLEMENTATIONS = YES;
				CLANG_WARN_DIRECT_OBJC_ISA_USAGE = YES_ERROR;
				CLANG_WARN_DOCUMENTATION_COMMENTS = YES;
				CLANG_WARN_EMPTY_BODY = YES;
				CLANG_WARN_ENUM_CONVERSION = YES;
				CLANG_WARN_INFINITE_RECURSION = YES;
				CLANG_WARN_INT_CONVERSION = YES;
				CLANG_WARN_NON_LITERAL_NULL_CONVERSION = YES;
				CLANG_WARN_OBJC_IMPLICIT_RETAIN_SELF = YES;
				CLANG_WARN_OBJC_LITERAL_CONVERSION = YES;
				CLANG_WARN_OBJC_ROOT_CLASS = YES_ERROR;
				CLANG_WARN_RANGE_LOOP_ANALYSIS = YES;
				CLANG_WARN_STRICT_PROTOTYPES = YES;
				CLANG_WARN_SUSPICIOUS_MOVE = YES;
				CLANG_WARN_UNGUARDED_AVAILABILITY = YES_AGGRESSIVE;
				CLANG_WARN_UNREACHABLE_CODE = YES;
				CLANG_WARN__DUPLICATE_METHOD_MATCH = YES;
				CODE_SIGN_IDENTITY = "iPhone Developer";
				COPY_PHASE_STRIP = NO;
				DEBUG_INFORMATION_FORMAT = dwarf;
				ENABLE_STRICT_OBJC_MSGSEND = YES;
				ENABLE_TESTABILITY = YES;
				GCC_C_LANGUAGE_STANDARD = gnu11;
				GCC_DYNAMIC_NO_PIC = NO;
				GCC_NO_COMMON_BLOCKS = YES;
				GCC_OPTIMIZATION_LEVEL = 0;
				GCC_PREPROCESSOR_DEFINITIONS = (
					"DEBUG=1",
					"$(inherited)",
				);
				GCC_WARN_64_TO_32_BIT_CONVERSION = YES;
				GCC_WARN_ABOUT_RETURN_TYPE = YES_ERROR;
				GCC_WARN_UNDECLARED_SELECTOR = YES;
				GCC_WARN_UNINITIALIZED_AUTOS = YES_AGGRESSIVE;
				GCC_WARN_UNUSED_FUNCTION = YES;
				GCC_WARN_UNUSED_VARIABLE = YES;
				IPHONEOS_DEPLOYMENT_TARGET = 12.1;
				MTL_ENABLE_DEBUG_INFO = INCLUDE_SOURCE;
				MTL_FAST_MATH = YES;
				ONLY_ACTIVE_ARCH = YES;
				SDKROOT = iphoneos;
				SWIFT_ACTIVE_COMPILATION_CONDITIONS = DEBUG;
				SWIFT_OPTIMIZATION_LEVEL = "-Onone";
			};
			name = Debug;
		};
		F075CD2A221DBC2B001CA654 /* Release */ = {
			isa = XCBuildConfiguration;
			buildSettings = {
				ALWAYS_SEARCH_USER_PATHS = NO;
				CLANG_ANALYZER_NONNULL = YES;
				CLANG_ANALYZER_NUMBER_OBJECT_CONVERSION = YES_AGGRESSIVE;
				CLANG_CXX_LANGUAGE_STANDARD = "gnu++14";
				CLANG_CXX_LIBRARY = "libc++";
				CLANG_ENABLE_MODULES = YES;
				CLANG_ENABLE_OBJC_ARC = YES;
				CLANG_ENABLE_OBJC_WEAK = YES;
				CLANG_WARN_BLOCK_CAPTURE_AUTORELEASING = YES;
				CLANG_WARN_BOOL_CONVERSION = YES;
				CLANG_WARN_COMMA = YES;
				CLANG_WARN_CONSTANT_CONVERSION = YES;
				CLANG_WARN_DEPRECATED_OBJC_IMPLEMENTATIONS = YES;
				CLANG_WARN_DIRECT_OBJC_ISA_USAGE = YES_ERROR;
				CLANG_WARN_DOCUMENTATION_COMMENTS = YES;
				CLANG_WARN_EMPTY_BODY = YES;
				CLANG_WARN_ENUM_CONVERSION = YES;
				CLANG_WARN_INFINITE_RECURSION = YES;
				CLANG_WARN_INT_CONVERSION = YES;
				CLANG_WARN_NON_LITERAL_NULL_CONVERSION = YES;
				CLANG_WARN_OBJC_IMPLICIT_RETAIN_SELF = YES;
				CLANG_WARN_OBJC_LITERAL_CONVERSION = YES;
				CLANG_WARN_OBJC_ROOT_CLASS = YES_ERROR;
				CLANG_WARN_RANGE_LOOP_ANALYSIS = YES;
				CLANG_WARN_STRICT_PROTOTYPES = YES;
				CLANG_WARN_SUSPICIOUS_MOVE = YES;
				CLANG_WARN_UNGUARDED_AVAILABILITY = YES_AGGRESSIVE;
				CLANG_WARN_UNREACHABLE_CODE = YES;
				CLANG_WARN__DUPLICATE_METHOD_MATCH = YES;
				CODE_SIGN_IDENTITY = "iPhone Developer";
				COPY_PHASE_STRIP = NO;
				DEBUG_INFORMATION_FORMAT = "dwarf-with-dsym";
				ENABLE_NS_ASSERTIONS = NO;
				ENABLE_STRICT_OBJC_MSGSEND = YES;
				GCC_C_LANGUAGE_STANDARD = gnu11;
				GCC_NO_COMMON_BLOCKS = YES;
				GCC_WARN_64_TO_32_BIT_CONVERSION = YES;
				GCC_WARN_ABOUT_RETURN_TYPE = YES_ERROR;
				GCC_WARN_UNDECLARED_SELECTOR = YES;
				GCC_WARN_UNINITIALIZED_AUTOS = YES_AGGRESSIVE;
				GCC_WARN_UNUSED_FUNCTION = YES;
				GCC_WARN_UNUSED_VARIABLE = YES;
				IPHONEOS_DEPLOYMENT_TARGET = 12.1;
				MTL_ENABLE_DEBUG_INFO = NO;
				MTL_FAST_MATH = YES;
				SDKROOT = iphoneos;
				SWIFT_COMPILATION_MODE = wholemodule;
				SWIFT_OPTIMIZATION_LEVEL = "-O";
				VALIDATE_PRODUCT = YES;
			};
			name = Release;
		};
		F075CD2C221DBC2B001CA654 /* Debug */ = {
			isa = XCBuildConfiguration;
			buildSettings = {
				ASSETCATALOG_COMPILER_APPICON_NAME = AppIcon;
				CODE_SIGN_STYLE = Automatic;
				DEVELOPMENT_TEAM = 38HMF5H9UT;
				FRAMEWORK_SEARCH_PATHS = (
					"$(inherited)",
					"$(PROJECT_DIR)/Carthage/Build/iOS",
				);
				INFOPLIST_FILE = VKNewsFeed/Info.plist;
				LD_RUNPATH_SEARCH_PATHS = (
					"$(inherited)",
					"@executable_path/Frameworks",
				);
				PRODUCT_BUNDLE_IDENTIFIER = kaboo.VKFeedNews;
				PRODUCT_NAME = "$(TARGET_NAME)";
				SWIFT_VERSION = 5.0;
				TARGETED_DEVICE_FAMILY = 1;
			};
			name = Debug;
		};
		F075CD2D221DBC2B001CA654 /* Release */ = {
			isa = XCBuildConfiguration;
			buildSettings = {
				ASSETCATALOG_COMPILER_APPICON_NAME = AppIcon;
				CODE_SIGN_STYLE = Automatic;
				DEVELOPMENT_TEAM = 38HMF5H9UT;
				FRAMEWORK_SEARCH_PATHS = (
					"$(inherited)",
					"$(PROJECT_DIR)/Carthage/Build/iOS",
				);
				INFOPLIST_FILE = VKNewsFeed/Info.plist;
				LD_RUNPATH_SEARCH_PATHS = (
					"$(inherited)",
					"@executable_path/Frameworks",
				);
				PRODUCT_BUNDLE_IDENTIFIER = kaboo.VKFeedNews;
				PRODUCT_NAME = "$(TARGET_NAME)";
				SWIFT_VERSION = 5.0;
				TARGETED_DEVICE_FAMILY = 1;
			};
			name = Release;
		};
/* End XCBuildConfiguration section */

/* Begin XCConfigurationList section */
		F075CD14221DBC2A001CA654 /* Build configuration list for PBXProject "VKNewsFeed" */ = {
			isa = XCConfigurationList;
			buildConfigurations = (
				F075CD29221DBC2B001CA654 /* Debug */,
				F075CD2A221DBC2B001CA654 /* Release */,
			);
			defaultConfigurationIsVisible = 0;
			defaultConfigurationName = Release;
		};
		F075CD2B221DBC2B001CA654 /* Build configuration list for PBXNativeTarget "VKNewsFeed" */ = {
			isa = XCConfigurationList;
			buildConfigurations = (
				F075CD2C221DBC2B001CA654 /* Debug */,
				F075CD2D221DBC2B001CA654 /* Release */,
			);
			defaultConfigurationIsVisible = 0;
			defaultConfigurationName = Release;
		};
/* End XCConfigurationList section */
	};
	rootObject = F075CD11221DBC2A001CA654 /* Project object */;
}
